// !$*UTF8*$!
{
	archiveVersion = 1;
	classes = {
	};
	objectVersion = 55;
	objects = {

/* Begin PBXBuildFile section */
		EA38B8B227F0BD160067BA86 /* AppDelegate.swift in Sources */ = {isa = PBXBuildFile; fileRef = EA38B8B127F0BD160067BA86 /* AppDelegate.swift */; };
		EA38B8B427F0BD160067BA86 /* SceneDelegate.swift in Sources */ = {isa = PBXBuildFile; fileRef = EA38B8B327F0BD160067BA86 /* SceneDelegate.swift */; };
		EA38B8B627F0BD160067BA86 /* HomeViewController.swift in Sources */ = {isa = PBXBuildFile; fileRef = EA38B8B527F0BD160067BA86 /* HomeViewController.swift */; };
		EA38B8BB27F0BD180067BA86 /* Assets.xcassets in Resources */ = {isa = PBXBuildFile; fileRef = EA38B8BA27F0BD180067BA86 /* Assets.xcassets */; };
		EA38B8BE27F0BD180067BA86 /* LaunchScreen.storyboard in Resources */ = {isa = PBXBuildFile; fileRef = EA38B8BC27F0BD180067BA86 /* LaunchScreen.storyboard */; };
		EA5A8C8027F23A4B00FCF61F /* Extension.swift in Sources */ = {isa = PBXBuildFile; fileRef = EA5A8C7F27F23A4B00FCF61F /* Extension.swift */; };
		EAB64F0427F0C39500BFEF8C /* TabBarViewController.swift in Sources */ = {isa = PBXBuildFile; fileRef = EAB64F0327F0C39500BFEF8C /* TabBarViewController.swift */; };
		EAB64F0627F0C3C800BFEF8C /* SearchViewController.swift in Sources */ = {isa = PBXBuildFile; fileRef = EAB64F0527F0C3C800BFEF8C /* SearchViewController.swift */; };
		EAB64F0827F0C3EB00BFEF8C /* LibararyViewController.swift in Sources */ = {isa = PBXBuildFile; fileRef = EAB64F0727F0C3EB00BFEF8C /* LibararyViewController.swift */; };
		EAB64F0C27F0C43D00BFEF8C /* AuthViewController.swift in Sources */ = {isa = PBXBuildFile; fileRef = EAB64F0B27F0C43D00BFEF8C /* AuthViewController.swift */; };
		EAB64F0E27F0C44800BFEF8C /* WelcomeViewController.swift in Sources */ = {isa = PBXBuildFile; fileRef = EAB64F0D27F0C44800BFEF8C /* WelcomeViewController.swift */; };
		EAB64F1027F0C45700BFEF8C /* SettingViewController.swift in Sources */ = {isa = PBXBuildFile; fileRef = EAB64F0F27F0C45700BFEF8C /* SettingViewController.swift */; };
		EAB64F1227F0C46300BFEF8C /* ProfileViewController.swift in Sources */ = {isa = PBXBuildFile; fileRef = EAB64F1127F0C46300BFEF8C /* ProfileViewController.swift */; };
		EAB64F1427F0C46F00BFEF8C /* PlayerViewController.swift in Sources */ = {isa = PBXBuildFile; fileRef = EAB64F1327F0C46F00BFEF8C /* PlayerViewController.swift */; };
		EAB64F1627F0C47F00BFEF8C /* PlaylistViewController.swift in Sources */ = {isa = PBXBuildFile; fileRef = EAB64F1527F0C47F00BFEF8C /* PlaylistViewController.swift */; };
		EAB64F1827F0C49900BFEF8C /* SearchResultViewController.swift in Sources */ = {isa = PBXBuildFile; fileRef = EAB64F1727F0C49900BFEF8C /* SearchResultViewController.swift */; };
		EAB64F1A27F0C4C100BFEF8C /* AuthManager.swift in Sources */ = {isa = PBXBuildFile; fileRef = EAB64F1927F0C4C100BFEF8C /* AuthManager.swift */; };
		EAB64F1C27F0C4CD00BFEF8C /* ApiCaller.swift in Sources */ = {isa = PBXBuildFile; fileRef = EAB64F1B27F0C4CD00BFEF8C /* ApiCaller.swift */; };
		EAB64F1E27F0C4EA00BFEF8C /* HapticManager.swift in Sources */ = {isa = PBXBuildFile; fileRef = EAB64F1D27F0C4EA00BFEF8C /* HapticManager.swift */; };
		EAB64F2027F0C51200BFEF8C /* Playlist.swift in Sources */ = {isa = PBXBuildFile; fileRef = EAB64F1F27F0C51200BFEF8C /* Playlist.swift */; };
		EAB64F2227F0C52400BFEF8C /* AudioTrack.swift in Sources */ = {isa = PBXBuildFile; fileRef = EAB64F2127F0C52400BFEF8C /* AudioTrack.swift */; };
		EAB64F2427F0C53100BFEF8C /* Artist.swift in Sources */ = {isa = PBXBuildFile; fileRef = EAB64F2327F0C53100BFEF8C /* Artist.swift */; };
		EAB64F2627F0C53E00BFEF8C /* UserProfile.swift in Sources */ = {isa = PBXBuildFile; fileRef = EAB64F2527F0C53E00BFEF8C /* UserProfile.swift */; };
/* End PBXBuildFile section */

/* Begin PBXFileReference section */
		EA38B8AE27F0BD160067BA86 /* Spotify.app */ = {isa = PBXFileReference; explicitFileType = wrapper.application; includeInIndex = 0; path = Spotify.app; sourceTree = BUILT_PRODUCTS_DIR; };
		EA38B8B127F0BD160067BA86 /* AppDelegate.swift */ = {isa = PBXFileReference; lastKnownFileType = sourcecode.swift; path = AppDelegate.swift; sourceTree = "<group>"; };
		EA38B8B327F0BD160067BA86 /* SceneDelegate.swift */ = {isa = PBXFileReference; lastKnownFileType = sourcecode.swift; path = SceneDelegate.swift; sourceTree = "<group>"; };
		EA38B8B527F0BD160067BA86 /* HomeViewController.swift */ = {isa = PBXFileReference; lastKnownFileType = sourcecode.swift; path = HomeViewController.swift; sourceTree = "<group>"; };
		EA38B8BA27F0BD180067BA86 /* Assets.xcassets */ = {isa = PBXFileReference; lastKnownFileType = folder.assetcatalog; path = Assets.xcassets; sourceTree = "<group>"; };
		EA38B8BD27F0BD180067BA86 /* Base */ = {isa = PBXFileReference; lastKnownFileType = file.storyboard; name = Base; path = Base.lproj/LaunchScreen.storyboard; sourceTree = "<group>"; };
		EA38B8BF27F0BD180067BA86 /* Info.plist */ = {isa = PBXFileReference; lastKnownFileType = text.plist.xml; path = Info.plist; sourceTree = "<group>"; };
		EA5A8C7F27F23A4B00FCF61F /* Extension.swift */ = {isa = PBXFileReference; lastKnownFileType = sourcecode.swift; path = Extension.swift; sourceTree = "<group>"; };
		EAB64F0327F0C39500BFEF8C /* TabBarViewController.swift */ = {isa = PBXFileReference; lastKnownFileType = sourcecode.swift; path = TabBarViewController.swift; sourceTree = "<group>"; };
		EAB64F0527F0C3C800BFEF8C /* SearchViewController.swift */ = {isa = PBXFileReference; lastKnownFileType = sourcecode.swift; path = SearchViewController.swift; sourceTree = "<group>"; };
		EAB64F0727F0C3EB00BFEF8C /* LibararyViewController.swift */ = {isa = PBXFileReference; lastKnownFileType = sourcecode.swift; path = LibararyViewController.swift; sourceTree = "<group>"; };
		EAB64F0B27F0C43D00BFEF8C /* AuthViewController.swift */ = {isa = PBXFileReference; lastKnownFileType = sourcecode.swift; path = AuthViewController.swift; sourceTree = "<group>"; };
		EAB64F0D27F0C44800BFEF8C /* WelcomeViewController.swift */ = {isa = PBXFileReference; lastKnownFileType = sourcecode.swift; path = WelcomeViewController.swift; sourceTree = "<group>"; };
		EAB64F0F27F0C45700BFEF8C /* SettingViewController.swift */ = {isa = PBXFileReference; lastKnownFileType = sourcecode.swift; path = SettingViewController.swift; sourceTree = "<group>"; };
		EAB64F1127F0C46300BFEF8C /* ProfileViewController.swift */ = {isa = PBXFileReference; lastKnownFileType = sourcecode.swift; path = ProfileViewController.swift; sourceTree = "<group>"; };
		EAB64F1327F0C46F00BFEF8C /* PlayerViewController.swift */ = {isa = PBXFileReference; lastKnownFileType = sourcecode.swift; path = PlayerViewController.swift; sourceTree = "<group>"; };
		EAB64F1527F0C47F00BFEF8C /* PlaylistViewController.swift */ = {isa = PBXFileReference; lastKnownFileType = sourcecode.swift; path = PlaylistViewController.swift; sourceTree = "<group>"; };
		EAB64F1727F0C49900BFEF8C /* SearchResultViewController.swift */ = {isa = PBXFileReference; lastKnownFileType = sourcecode.swift; path = SearchResultViewController.swift; sourceTree = "<group>"; };
		EAB64F1927F0C4C100BFEF8C /* AuthManager.swift */ = {isa = PBXFileReference; lastKnownFileType = sourcecode.swift; path = AuthManager.swift; sourceTree = "<group>"; };
		EAB64F1B27F0C4CD00BFEF8C /* ApiCaller.swift */ = {isa = PBXFileReference; lastKnownFileType = sourcecode.swift; path = ApiCaller.swift; sourceTree = "<group>"; };
		EAB64F1D27F0C4EA00BFEF8C /* HapticManager.swift */ = {isa = PBXFileReference; lastKnownFileType = sourcecode.swift; path = HapticManager.swift; sourceTree = "<group>"; };
		EAB64F1F27F0C51200BFEF8C /* Playlist.swift */ = {isa = PBXFileReference; lastKnownFileType = sourcecode.swift; path = Playlist.swift; sourceTree = "<group>"; };
		EAB64F2127F0C52400BFEF8C /* AudioTrack.swift */ = {isa = PBXFileReference; lastKnownFileType = sourcecode.swift; path = AudioTrack.swift; sourceTree = "<group>"; };
		EAB64F2327F0C53100BFEF8C /* Artist.swift */ = {isa = PBXFileReference; lastKnownFileType = sourcecode.swift; path = Artist.swift; sourceTree = "<group>"; };
		EAB64F2527F0C53E00BFEF8C /* UserProfile.swift */ = {isa = PBXFileReference; lastKnownFileType = sourcecode.swift; path = UserProfile.swift; sourceTree = "<group>"; };
/* End PBXFileReference section */

/* Begin PBXFrameworksBuildPhase section */
		EA38B8AB27F0BD160067BA86 /* Frameworks */ = {
			isa = PBXFrameworksBuildPhase;
			buildActionMask = 2147483647;
			files = (
			);
			runOnlyForDeploymentPostprocessing = 0;
		};
/* End PBXFrameworksBuildPhase section */

/* Begin PBXGroup section */
		EA38B8A527F0BD160067BA86 = {
			isa = PBXGroup;
			children = (
				EA38B8B027F0BD160067BA86 /* Spotify */,
				EA38B8AF27F0BD160067BA86 /* Products */,
			);
			sourceTree = "<group>";
		};
		EA38B8AF27F0BD160067BA86 /* Products */ = {
			isa = PBXGroup;
			children = (
				EA38B8AE27F0BD160067BA86 /* Spotify.app */,
			);
			name = Products;
			sourceTree = "<group>";
		};
		EA38B8B027F0BD160067BA86 /* Spotify */ = {
			isa = PBXGroup;
			children = (
				EA38B8CA27F0C14C0067BA86 /* Manager */,
				EA38B8C927F0C13F0067BA86 /* Resources */,
				EA38B8C827F0C1380067BA86 /* ViewModels */,
				EA38B8C727F0C1330067BA86 /* Models */,
				EA38B8C627F0C12D0067BA86 /* Views */,
				EA38B8C527F0C1110067BA86 /* Controllers */,
				EA38B8BF27F0BD180067BA86 /* Info.plist */,
			);
			path = Spotify;
			sourceTree = "<group>";
		};
		EA38B8C527F0C1110067BA86 /* Controllers */ = {
			isa = PBXGroup;
			children = (
				EAB64F0A27F0C43000BFEF8C /* Other */,
				EAB64F0927F0C41800BFEF8C /* Core */,
			);
			path = Controllers;
			sourceTree = "<group>";
		};
		EA38B8C627F0C12D0067BA86 /* Views */ = {
			isa = PBXGroup;
			children = (
				EA38B8BC27F0BD180067BA86 /* LaunchScreen.storyboard */,
			);
			path = Views;
			sourceTree = "<group>";
		};
		EA38B8C727F0C1330067BA86 /* Models */ = {
			isa = PBXGroup;
			children = (
				EAB64F1F27F0C51200BFEF8C /* Playlist.swift */,
				EAB64F2127F0C52400BFEF8C /* AudioTrack.swift */,
				EAB64F2327F0C53100BFEF8C /* Artist.swift */,
				EAB64F2527F0C53E00BFEF8C /* UserProfile.swift */,
			);
			path = Models;
			sourceTree = "<group>";
		};
		EA38B8C827F0C1380067BA86 /* ViewModels */ = {
			isa = PBXGroup;
			children = (
			);
			path = ViewModels;
			sourceTree = "<group>";
		};
		EA38B8C927F0C13F0067BA86 /* Resources */ = {
			isa = PBXGroup;
			children = (
				EA38B8BA27F0BD180067BA86 /* Assets.xcassets */,
				EA38B8B127F0BD160067BA86 /* AppDelegate.swift */,
				EA38B8B327F0BD160067BA86 /* SceneDelegate.swift */,
				EA5A8C7F27F23A4B00FCF61F /* Extension.swift */,
			);
			path = Resources;
			sourceTree = "<group>";
		};
		EA38B8CA27F0C14C0067BA86 /* Manager */ = {
			isa = PBXGroup;
			children = (
				EAB64F1927F0C4C100BFEF8C /* AuthManager.swift */,
				EAB64F1B27F0C4CD00BFEF8C /* ApiCaller.swift */,
				EAB64F1D27F0C4EA00BFEF8C /* HapticManager.swift */,
			);
			path = Manager;
			sourceTree = "<group>";
		};
		EAB64F0927F0C41800BFEF8C /* Core */ = {
			isa = PBXGroup;
			children = (
				EAB64F0327F0C39500BFEF8C /* TabBarViewController.swift */,
				EA38B8B527F0BD160067BA86 /* HomeViewController.swift */,
				EAB64F0527F0C3C800BFEF8C /* SearchViewController.swift */,
				EAB64F0727F0C3EB00BFEF8C /* LibararyViewController.swift */,
			);
			path = Core;
			sourceTree = "<group>";
		};
		EAB64F0A27F0C43000BFEF8C /* Other */ = {
			isa = PBXGroup;
			children = (
				EAB64F0B27F0C43D00BFEF8C /* AuthViewController.swift */,
				EAB64F0D27F0C44800BFEF8C /* WelcomeViewController.swift */,
				EAB64F0F27F0C45700BFEF8C /* SettingViewController.swift */,
				EAB64F1127F0C46300BFEF8C /* ProfileViewController.swift */,
				EAB64F1327F0C46F00BFEF8C /* PlayerViewController.swift */,
				EAB64F1527F0C47F00BFEF8C /* PlaylistViewController.swift */,
				EAB64F1727F0C49900BFEF8C /* SearchResultViewController.swift */,
			);
			path = Other;
			sourceTree = "<group>";
		};
/* End PBXGroup section */

/* Begin PBXNativeTarget section */
		EA38B8AD27F0BD160067BA86 /* Spotify */ = {
			isa = PBXNativeTarget;
			buildConfigurationList = EA38B8C227F0BD180067BA86 /* Build configuration list for PBXNativeTarget "Spotify" */;
			buildPhases = (
				EA38B8AA27F0BD160067BA86 /* Sources */,
				EA38B8AB27F0BD160067BA86 /* Frameworks */,
				EA38B8AC27F0BD160067BA86 /* Resources */,
			);
			buildRules = (
			);
			dependencies = (
			);
			name = Spotify;
			productName = Spotify;
			productReference = EA38B8AE27F0BD160067BA86 /* Spotify.app */;
			productType = "com.apple.product-type.application";
		};
/* End PBXNativeTarget section */

/* Begin PBXProject section */
		EA38B8A627F0BD160067BA86 /* Project object */ = {
			isa = PBXProject;
			attributes = {
				BuildIndependentTargetsInParallel = 1;
				LastSwiftUpdateCheck = 1330;
				LastUpgradeCheck = 1330;
				TargetAttributes = {
					EA38B8AD27F0BD160067BA86 = {
						CreatedOnToolsVersion = 13.3;
					};
				};
			};
			buildConfigurationList = EA38B8A927F0BD160067BA86 /* Build configuration list for PBXProject "Spotify" */;
			compatibilityVersion = "Xcode 13.0";
			developmentRegion = en;
			hasScannedForEncodings = 0;
			knownRegions = (
				en,
				Base,
			);
			mainGroup = EA38B8A527F0BD160067BA86;
			productRefGroup = EA38B8AF27F0BD160067BA86 /* Products */;
			projectDirPath = "";
			projectRoot = "";
			targets = (
				EA38B8AD27F0BD160067BA86 /* Spotify */,
			);
		};
/* End PBXProject section */

/* Begin PBXResourcesBuildPhase section */
		EA38B8AC27F0BD160067BA86 /* Resources */ = {
			isa = PBXResourcesBuildPhase;
			buildActionMask = 2147483647;
			files = (
				EA38B8BE27F0BD180067BA86 /* LaunchScreen.storyboard in Resources */,
				EA38B8BB27F0BD180067BA86 /* Assets.xcassets in Resources */,
			);
			runOnlyForDeploymentPostprocessing = 0;
		};
/* End PBXResourcesBuildPhase section */

/* Begin PBXSourcesBuildPhase section */
		EA38B8AA27F0BD160067BA86 /* Sources */ = {
			isa = PBXSourcesBuildPhase;
			buildActionMask = 2147483647;
			files = (
				EAB64F0627F0C3C800BFEF8C /* SearchViewController.swift in Sources */,
				EAB64F2027F0C51200BFEF8C /* Playlist.swift in Sources */,
				EAB64F1A27F0C4C100BFEF8C /* AuthManager.swift in Sources */,
				EAB64F1E27F0C4EA00BFEF8C /* HapticManager.swift in Sources */,
				EAB64F0E27F0C44800BFEF8C /* WelcomeViewController.swift in Sources */,
				EAB64F1227F0C46300BFEF8C /* ProfileViewController.swift in Sources */,
				EAB64F1C27F0C4CD00BFEF8C /* ApiCaller.swift in Sources */,
				EAB64F0427F0C39500BFEF8C /* TabBarViewController.swift in Sources */,
				EAB64F2227F0C52400BFEF8C /* AudioTrack.swift in Sources */,
				EA5A8C8027F23A4B00FCF61F /* Extension.swift in Sources */,
				EA38B8B627F0BD160067BA86 /* HomeViewController.swift in Sources */,
				EAB64F0C27F0C43D00BFEF8C /* AuthViewController.swift in Sources */,
				EAB64F1027F0C45700BFEF8C /* SettingViewController.swift in Sources */,
				EAB64F2627F0C53E00BFEF8C /* UserProfile.swift in Sources */,
				EA38B8B227F0BD160067BA86 /* AppDelegate.swift in Sources */,
				EAB64F2427F0C53100BFEF8C /* Artist.swift in Sources */,
				EAB64F1627F0C47F00BFEF8C /* PlaylistViewController.swift in Sources */,
				EAB64F0827F0C3EB00BFEF8C /* LibararyViewController.swift in Sources */,
				EAB64F1427F0C46F00BFEF8C /* PlayerViewController.swift in Sources */,
				EAB64F1827F0C49900BFEF8C /* SearchResultViewController.swift in Sources */,
				EA38B8B427F0BD160067BA86 /* SceneDelegate.swift in Sources */,
			);
			runOnlyForDeploymentPostprocessing = 0;
		};
/* End PBXSourcesBuildPhase section */

/* Begin PBXVariantGroup section */
		EA38B8BC27F0BD180067BA86 /* LaunchScreen.storyboard */ = {
			isa = PBXVariantGroup;
			children = (
				EA38B8BD27F0BD180067BA86 /* Base */,
			);
			name = LaunchScreen.storyboard;
			sourceTree = "<group>";
		};
/* End PBXVariantGroup section */

/* Begin XCBuildConfiguration section */
		EA38B8C027F0BD180067BA86 /* Debug */ = {
			isa = XCBuildConfiguration;
			buildSettings = {
				ALWAYS_SEARCH_USER_PATHS = NO;
				CLANG_ANALYZER_NONNULL = YES;
				CLANG_ANALYZER_NUMBER_OBJECT_CONVERSION = YES_AGGRESSIVE;
				CLANG_CXX_LANGUAGE_STANDARD = "gnu++17";
				CLANG_ENABLE_MODULES = YES;
				CLANG_ENABLE_OBJC_ARC = YES;
				CLANG_ENABLE_OBJC_WEAK = YES;
				CLANG_WARN_BLOCK_CAPTURE_AUTORELEASING = YES;
				CLANG_WARN_BOOL_CONVERSION = YES;
				CLANG_WARN_COMMA = YES;
				CLANG_WARN_CONSTANT_CONVERSION = YES;
				CLANG_WARN_DEPRECATED_OBJC_IMPLEMENTATIONS = YES;
				CLANG_WARN_DIRECT_OBJC_ISA_USAGE = YES_ERROR;
				CLANG_WARN_DOCUMENTATION_COMMENTS = YES;
				CLANG_WARN_EMPTY_BODY = YES;
				CLANG_WARN_ENUM_CONVERSION = YES;
				CLANG_WARN_INFINITE_RECURSION = YES;
				CLANG_WARN_INT_CONVERSION = YES;
				CLANG_WARN_NON_LITERAL_NULL_CONVERSION = YES;
				CLANG_WARN_OBJC_IMPLICIT_RETAIN_SELF = YES;
				CLANG_WARN_OBJC_LITERAL_CONVERSION = YES;
				CLANG_WARN_OBJC_ROOT_CLASS = YES_ERROR;
				CLANG_WARN_QUOTED_INCLUDE_IN_FRAMEWORK_HEADER = YES;
				CLANG_WARN_RANGE_LOOP_ANALYSIS = YES;
				CLANG_WARN_STRICT_PROTOTYPES = YES;
				CLANG_WARN_SUSPICIOUS_MOVE = YES;
				CLANG_WARN_UNGUARDED_AVAILABILITY = YES_AGGRESSIVE;
				CLANG_WARN_UNREACHABLE_CODE = YES;
				CLANG_WARN__DUPLICATE_METHOD_MATCH = YES;
				COPY_PHASE_STRIP = NO;
				DEBUG_INFORMATION_FORMAT = dwarf;
				ENABLE_STRICT_OBJC_MSGSEND = YES;
				ENABLE_TESTABILITY = YES;
				GCC_C_LANGUAGE_STANDARD = gnu11;
				GCC_DYNAMIC_NO_PIC = NO;
				GCC_NO_COMMON_BLOCKS = YES;
				GCC_OPTIMIZATION_LEVEL = 0;
				GCC_PREPROCESSOR_DEFINITIONS = (
					"DEBUG=1",
					"$(inherited)",
				);
				GCC_WARN_64_TO_32_BIT_CONVERSION = YES;
				GCC_WARN_ABOUT_RETURN_TYPE = YES_ERROR;
				GCC_WARN_UNDECLARED_SELECTOR = YES;
				GCC_WARN_UNINITIALIZED_AUTOS = YES_AGGRESSIVE;
				GCC_WARN_UNUSED_FUNCTION = YES;
				GCC_WARN_UNUSED_VARIABLE = YES;
				IPHONEOS_DEPLOYMENT_TARGET = 15.4;
				MTL_ENABLE_DEBUG_INFO = INCLUDE_SOURCE;
				MTL_FAST_MATH = YES;
				ONLY_ACTIVE_ARCH = YES;
				SDKROOT = iphoneos;
				SWIFT_ACTIVE_COMPILATION_CONDITIONS = DEBUG;
				SWIFT_OPTIMIZATION_LEVEL = "-Onone";
			};
			name = Debug;
		};
		EA38B8C127F0BD180067BA86 /* Release */ = {
			isa = XCBuildConfiguration;
			buildSettings = {
				ALWAYS_SEARCH_USER_PATHS = NO;
				CLANG_ANALYZER_NONNULL = YES;
				CLANG_ANALYZER_NUMBER_OBJECT_CONVERSION = YES_AGGRESSIVE;
				CLANG_CXX_LANGUAGE_STANDARD = "gnu++17";
				CLANG_ENABLE_MODULES = YES;
				CLANG_ENABLE_OBJC_ARC = YES;
				CLANG_ENABLE_OBJC_WEAK = YES;
				CLANG_WARN_BLOCK_CAPTURE_AUTORELEASING = YES;
				CLANG_WARN_BOOL_CONVERSION = YES;
				CLANG_WARN_COMMA = YES;
				CLANG_WARN_CONSTANT_CONVERSION = YES;
				CLANG_WARN_DEPRECATED_OBJC_IMPLEMENTATIONS = YES;
				CLANG_WARN_DIRECT_OBJC_ISA_USAGE = YES_ERROR;
				CLANG_WARN_DOCUMENTATION_COMMENTS = YES;
				CLANG_WARN_EMPTY_BODY = YES;
				CLANG_WARN_ENUM_CONVERSION = YES;
				CLANG_WARN_INFINITE_RECURSION = YES;
				CLANG_WARN_INT_CONVERSION = YES;
				CLANG_WARN_NON_LITERAL_NULL_CONVERSION = YES;
				CLANG_WARN_OBJC_IMPLICIT_RETAIN_SELF = YES;
				CLANG_WARN_OBJC_LITERAL_CONVERSION = YES;
				CLANG_WARN_OBJC_ROOT_CLASS = YES_ERROR;
				CLANG_WARN_QUOTED_INCLUDE_IN_FRAMEWORK_HEADER = YES;
				CLANG_WARN_RANGE_LOOP_ANALYSIS = YES;
				CLANG_WARN_STRICT_PROTOTYPES = YES;
				CLANG_WARN_SUSPICIOUS_MOVE = YES;
				CLANG_WARN_UNGUARDED_AVAILABILITY = YES_AGGRESSIVE;
				CLANG_WARN_UNREACHABLE_CODE = YES;
				CLANG_WARN__DUPLICATE_METHOD_MATCH = YES;
				COPY_PHASE_STRIP = NO;
				DEBUG_INFORMATION_FORMAT = "dwarf-with-dsym";
				ENABLE_NS_ASSERTIONS = NO;
				ENABLE_STRICT_OBJC_MSGSEND = YES;
				GCC_C_LANGUAGE_STANDARD = gnu11;
				GCC_NO_COMMON_BLOCKS = YES;
				GCC_WARN_64_TO_32_BIT_CONVERSION = YES;
				GCC_WARN_ABOUT_RETURN_TYPE = YES_ERROR;
				GCC_WARN_UNDECLARED_SELECTOR = YES;
				GCC_WARN_UNINITIALIZED_AUTOS = YES_AGGRESSIVE;
				GCC_WARN_UNUSED_FUNCTION = YES;
				GCC_WARN_UNUSED_VARIABLE = YES;
				IPHONEOS_DEPLOYMENT_TARGET = 15.4;
				MTL_ENABLE_DEBUG_INFO = NO;
				MTL_FAST_MATH = YES;
				SDKROOT = iphoneos;
				SWIFT_COMPILATION_MODE = wholemodule;
				SWIFT_OPTIMIZATION_LEVEL = "-O";
				VALIDATE_PRODUCT = YES;
			};
			name = Release;
		};
		EA38B8C327F0BD180067BA86 /* Debug */ = {
			isa = XCBuildConfiguration;
			buildSettings = {
				ASSETCATALOG_COMPILER_APPICON_NAME = AppIcon;
				ASSETCATALOG_COMPILER_GLOBAL_ACCENT_COLOR_NAME = AccentColor;
				CODE_SIGN_STYLE = Automatic;
				CURRENT_PROJECT_VERSION = 1;
				GENERATE_INFOPLIST_FILE = YES;
				INFOPLIST_FILE = Spotify/Info.plist;
				INFOPLIST_KEY_UIApplicationSupportsIndirectInputEvents = YES;
				INFOPLIST_KEY_UILaunchStoryboardName = LaunchScreen;
				INFOPLIST_KEY_UISupportedInterfaceOrientations_iPad = "UIInterfaceOrientationPortrait UIInterfaceOrientationPortraitUpsideDown UIInterfaceOrientationLandscapeLeft UIInterfaceOrientationLandscapeRight";
				INFOPLIST_KEY_UISupportedInterfaceOrientations_iPhone = "UIInterfaceOrientationPortrait UIInterfaceOrientationLandscapeLeft UIInterfaceOrientationLandscapeRight";
				LD_RUNPATH_SEARCH_PATHS = (
					"$(inherited)",
					"@executable_path/Frameworks",
				);
				MARKETING_VERSION = 1.0;
				PRODUCT_BUNDLE_IDENTIFIER = khaled2024.Spotify;
				PRODUCT_NAME = "$(TARGET_NAME)";
				SWIFT_EMIT_LOC_STRINGS = YES;
				SWIFT_VERSION = 5.0;
				TARGETED_DEVICE_FAMILY = "1,2";
			};
			name = Debug;
		};
		EA38B8C427F0BD180067BA86 /* Release */ = {
			isa = XCBuildConfiguration;
			buildSettings = {
				ASSETCATALOG_COMPILER_APPICON_NAME = AppIcon;
				ASSETCATALOG_COMPILER_GLOBAL_ACCENT_COLOR_NAME = AccentColor;
				CODE_SIGN_STYLE = Automatic;
				CURRENT_PROJECT_VERSION = 1;
				GENERATE_INFOPLIST_FILE = YES;
				INFOPLIST_FILE = Spotify/Info.plist;
				INFOPLIST_KEY_UIApplicationSupportsIndirectInputEvents = YES;
				INFOPLIST_KEY_UILaunchStoryboardName = LaunchScreen;
				INFOPLIST_KEY_UISupportedInterfaceOrientations_iPad = "UIInterfaceOrientationPortrait UIInterfaceOrientationPortraitUpsideDown UIInterfaceOrientationLandscapeLeft UIInterfaceOrientationLandscapeRight";
				INFOPLIST_KEY_UISupportedInterfaceOrientations_iPhone = "UIInterfaceOrientationPortrait UIInterfaceOrientationLandscapeLeft UIInterfaceOrientationLandscapeRight";
				LD_RUNPATH_SEARCH_PATHS = (
					"$(inherited)",
					"@executable_path/Frameworks",
				);
				MARKETING_VERSION = 1.0;
				PRODUCT_BUNDLE_IDENTIFIER = khaled2024.Spotify;
				PRODUCT_NAME = "$(TARGET_NAME)";
				SWIFT_EMIT_LOC_STRINGS = YES;
				SWIFT_VERSION = 5.0;
				TARGETED_DEVICE_FAMILY = "1,2";
			};
			name = Release;
		};
/* End XCBuildConfiguration section */

/* Begin XCConfigurationList section */
		EA38B8A927F0BD160067BA86 /* Build configuration list for PBXProject "Spotify" */ = {
			isa = XCConfigurationList;
			buildConfigurations = (
				EA38B8C027F0BD180067BA86 /* Debug */,
				EA38B8C127F0BD180067BA86 /* Release */,
			);
			defaultConfigurationIsVisible = 0;
			defaultConfigurationName = Release;
		};
		EA38B8C227F0BD180067BA86 /* Build configuration list for PBXNativeTarget "Spotify" */ = {
			isa = XCConfigurationList;
			buildConfigurations = (
				EA38B8C327F0BD180067BA86 /* Debug */,
				EA38B8C427F0BD180067BA86 /* Release */,
			);
			defaultConfigurationIsVisible = 0;
			defaultConfigurationName = Release;
		};
/* End XCConfigurationList section */
	};
	rootObject = EA38B8A627F0BD160067BA86 /* Project object */;
}
