// !$*UTF8*$!
{
	archiveVersion = 1;
	classes = {
	};
	objectVersion = 55;
	objects = {

/* Begin PBXBuildFile section */
		B67F65AEE77537DE7403E760 /* Pods_Spotify.framework in Frameworks */ = {isa = PBXBuildFile; fileRef = 77508B52FDDC560E8DED6C91 /* Pods_Spotify.framework */; };
		EA16AAD62890BBD3006F41E7 /* TabBarViewController.swift in Sources */ = {isa = PBXBuildFile; fileRef = EA16AAD52890BBD3006F41E7 /* TabBarViewController.swift */; };
		EA16AAD82890BBE6006F41E7 /* SearchViewController.swift in Sources */ = {isa = PBXBuildFile; fileRef = EA16AAD72890BBE6006F41E7 /* SearchViewController.swift */; };
		EA16AADA2890BBE7006F41E7 /* LibraryViewController.swift in Sources */ = {isa = PBXBuildFile; fileRef = EA16AAD92890BBE7006F41E7 /* LibraryViewController.swift */; };
		EA16AADE2890BC7C006F41E7 /* AuthViewController.swift in Sources */ = {isa = PBXBuildFile; fileRef = EA16AADD2890BC7C006F41E7 /* AuthViewController.swift */; };
		EA16AAE02890BC8B006F41E7 /* WelcomeViewController.swift in Sources */ = {isa = PBXBuildFile; fileRef = EA16AADF2890BC8B006F41E7 /* WelcomeViewController.swift */; };
		EA16AAE22890BCAC006F41E7 /* SettingViewController.swift in Sources */ = {isa = PBXBuildFile; fileRef = EA16AAE12890BCAC006F41E7 /* SettingViewController.swift */; };
		EA16AAE42890BCBB006F41E7 /* ProfileViewController.swift in Sources */ = {isa = PBXBuildFile; fileRef = EA16AAE32890BCBB006F41E7 /* ProfileViewController.swift */; };
		EA16AAE62890BCC6006F41E7 /* PlayerViewController.swift in Sources */ = {isa = PBXBuildFile; fileRef = EA16AAE52890BCC6006F41E7 /* PlayerViewController.swift */; };
		EA16AAE82890BCF4006F41E7 /* PlaylistViewController.swift in Sources */ = {isa = PBXBuildFile; fileRef = EA16AAE72890BCF4006F41E7 /* PlaylistViewController.swift */; };
		EA16AAEA2890BD18006F41E7 /* SearchResultViewController.swift in Sources */ = {isa = PBXBuildFile; fileRef = EA16AAE92890BD18006F41E7 /* SearchResultViewController.swift */; };
		EA16AAEC2890BD49006F41E7 /* AuthManager.swift in Sources */ = {isa = PBXBuildFile; fileRef = EA16AAEB2890BD49006F41E7 /* AuthManager.swift */; };
		EA16AAEE2890BD52006F41E7 /* ApiCaller.swift in Sources */ = {isa = PBXBuildFile; fileRef = EA16AAED2890BD52006F41E7 /* ApiCaller.swift */; };
		EA16AAF02890BD71006F41E7 /* HapticsManager.swift in Sources */ = {isa = PBXBuildFile; fileRef = EA16AAEF2890BD71006F41E7 /* HapticsManager.swift */; };
		EA16AAF22890BDB1006F41E7 /* Playlist.swift in Sources */ = {isa = PBXBuildFile; fileRef = EA16AAF12890BDB1006F41E7 /* Playlist.swift */; };
		EA16AAF42890BDC0006F41E7 /* AudioTrack.swift in Sources */ = {isa = PBXBuildFile; fileRef = EA16AAF32890BDC0006F41E7 /* AudioTrack.swift */; };
		EA16AAF62890BDCC006F41E7 /* Artist.swift in Sources */ = {isa = PBXBuildFile; fileRef = EA16AAF52890BDCC006F41E7 /* Artist.swift */; };
		EA16AAF82890BDD7006F41E7 /* UserProfile.swift in Sources */ = {isa = PBXBuildFile; fileRef = EA16AAF72890BDD7006F41E7 /* UserProfile.swift */; };
		EA29CF5628947DD600E52454 /* Setting.swift in Sources */ = {isa = PBXBuildFile; fileRef = EA29CF5528947DD600E52454 /* Setting.swift */; };
		EA3BCAFB289C22B3005E7381 /* AllCatogeriesResponse.swift in Sources */ = {isa = PBXBuildFile; fileRef = EA3BCAFA289C22B3005E7381 /* AllCatogeriesResponse.swift */; };
		EA3BCAFD289C3164005E7381 /* CategoryCollectionViewCellViewModel.swift in Sources */ = {isa = PBXBuildFile; fileRef = EA3BCAFC289C3164005E7381 /* CategoryCollectionViewCellViewModel.swift */; };
		EA3BCAFF289C35FC005E7381 /* CategoryViewController.swift in Sources */ = {isa = PBXBuildFile; fileRef = EA3BCAFE289C35FC005E7381 /* CategoryViewController.swift */; };
		EA42CD9F28981D4000020006 /* NewReleasesCellViewModel.swift in Sources */ = {isa = PBXBuildFile; fileRef = EA42CD9E28981D4000020006 /* NewReleasesCellViewModel.swift */; };
		EA67FE842891E53C00D537C4 /* Constants.swift in Sources */ = {isa = PBXBuildFile; fileRef = EA67FE832891E53C00D537C4 /* Constants.swift */; };
		EA67FE862891E96500D537C4 /* Extensions.swift in Sources */ = {isa = PBXBuildFile; fileRef = EA67FE852891E96500D537C4 /* Extensions.swift */; };
		EA72B13B2895306900A2E9C8 /* NewReleasesResponse.swift in Sources */ = {isa = PBXBuildFile; fileRef = EA72B13A2895306900A2E9C8 /* NewReleasesResponse.swift */; };
		EA72B13D2895329400A2E9C8 /* ApiImage.swift in Sources */ = {isa = PBXBuildFile; fileRef = EA72B13C2895329400A2E9C8 /* ApiImage.swift */; };
		EA72B13F28953DB200A2E9C8 /* FeaturedPlaylistsResponse.swift in Sources */ = {isa = PBXBuildFile; fileRef = EA72B13E28953DB200A2E9C8 /* FeaturedPlaylistsResponse.swift */; };
		EA72B1412895FEB200A2E9C8 /* RecommendedGenresResponse.swift in Sources */ = {isa = PBXBuildFile; fileRef = EA72B1402895FEB200A2E9C8 /* RecommendedGenresResponse.swift */; };
		EA730EF7289AEF7900F55441 /* TitleHeaderCollectionReusableView.swift in Sources */ = {isa = PBXBuildFile; fileRef = EA730EF6289AEF7900F55441 /* TitleHeaderCollectionReusableView.swift */; };
		EA730EF9289AFA0300F55441 /* AlbumTrackCollectionViewCell.swift in Sources */ = {isa = PBXBuildFile; fileRef = EA730EF8289AFA0300F55441 /* AlbumTrackCollectionViewCell.swift */; };
		EA730EFB289AFC5D00F55441 /* AlbumCollectionViewCellViewModel.swift in Sources */ = {isa = PBXBuildFile; fileRef = EA730EFA289AFC5D00F55441 /* AlbumCollectionViewCellViewModel.swift */; };
		EA730EFD289B3B1C00F55441 /* CategoryCollectionViewCell.swift in Sources */ = {isa = PBXBuildFile; fileRef = EA730EFC289B3B1C00F55441 /* CategoryCollectionViewCell.swift */; };
		EA7BBEE32890B6F600665504 /* AppDelegate.swift in Sources */ = {isa = PBXBuildFile; fileRef = EA7BBEE22890B6F600665504 /* AppDelegate.swift */; };
		EA7BBEE52890B6F600665504 /* SceneDelegate.swift in Sources */ = {isa = PBXBuildFile; fileRef = EA7BBEE42890B6F600665504 /* SceneDelegate.swift */; };
		EA7BBEE72890B6F600665504 /* HomeViewController.swift in Sources */ = {isa = PBXBuildFile; fileRef = EA7BBEE62890B6F600665504 /* HomeViewController.swift */; };
		EA7BBEEC2890B6F800665504 /* Assets.xcassets in Resources */ = {isa = PBXBuildFile; fileRef = EA7BBEEB2890B6F800665504 /* Assets.xcassets */; };
		EA7BBEEF2890B6F800665504 /* LaunchScreen.storyboard in Resources */ = {isa = PBXBuildFile; fileRef = EA7BBEED2890B6F800665504 /* LaunchScreen.storyboard */; };
		EA874AFA28970D9D003F05B5 /* RecommendedTracksCollectionViewCell.swift in Sources */ = {isa = PBXBuildFile; fileRef = EA874AF928970D9D003F05B5 /* RecommendedTracksCollectionViewCell.swift */; };
		EA874AFC28970DA5003F05B5 /* NewReleasesCollectionViewCell copy.swift in Sources */ = {isa = PBXBuildFile; fileRef = EA874AFB28970DA5003F05B5 /* NewReleasesCollectionViewCell copy.swift */; };
		EA874AFE28970DAA003F05B5 /* FeaturedPlaylistsCollectionViewCell copy 2.swift in Sources */ = {isa = PBXBuildFile; fileRef = EA874AFD28970DAA003F05B5 /* FeaturedPlaylistsCollectionViewCell copy 2.swift */; };
		EA93015A289619770066958D /* RecommendationsResponse.swift in Sources */ = {isa = PBXBuildFile; fileRef = EA930159289619770066958D /* RecommendationsResponse.swift */; };
		EACAE79428999517003F5872 /* AlbumViewController.swift in Sources */ = {isa = PBXBuildFile; fileRef = EACAE79328999517003F5872 /* AlbumViewController.swift */; };
		EACAE79628999CC8003F5872 /* AlbumDetailsResponse.swift in Sources */ = {isa = PBXBuildFile; fileRef = EACAE79528999CC8003F5872 /* AlbumDetailsResponse.swift */; };
		EACAE7982899A365003F5872 /* PlaylistDetailsResponse.swift in Sources */ = {isa = PBXBuildFile; fileRef = EACAE7972899A365003F5872 /* PlaylistDetailsResponse.swift */; };
		EACAE79A2899DD6C003F5872 /* PlaylistHeaderCollectionReusableView.swift in Sources */ = {isa = PBXBuildFile; fileRef = EACAE7992899DD6C003F5872 /* PlaylistHeaderCollectionReusableView.swift */; };
		EACAE79C2899E1DE003F5872 /* PlaylistHeaderViewModel.swift in Sources */ = {isa = PBXBuildFile; fileRef = EACAE79B2899E1DE003F5872 /* PlaylistHeaderViewModel.swift */; };
		EACB3B0F28985802001B7DFA /* FeaturedPlaylistCellViewModel.swift in Sources */ = {isa = PBXBuildFile; fileRef = EACB3B0E28985802001B7DFA /* FeaturedPlaylistCellViewModel.swift */; };
		EACB3B112898583D001B7DFA /* RecommendedTrackCellViewModel.swift in Sources */ = {isa = PBXBuildFile; fileRef = EACB3B102898583D001B7DFA /* RecommendedTrackCellViewModel.swift */; };
		EAE92F7A2893110500041706 /* AuthResponse.swift in Sources */ = {isa = PBXBuildFile; fileRef = EAE92F792893110400041706 /* AuthResponse.swift */; };
/* End PBXBuildFile section */

/* Begin PBXFileReference section */
		0098E4D097BB21B4788D2CC3 /* Pods-Spotify.release.xcconfig */ = {isa = PBXFileReference; includeInIndex = 1; lastKnownFileType = text.xcconfig; name = "Pods-Spotify.release.xcconfig"; path = "Target Support Files/Pods-Spotify/Pods-Spotify.release.xcconfig"; sourceTree = "<group>"; };
		77508B52FDDC560E8DED6C91 /* Pods_Spotify.framework */ = {isa = PBXFileReference; explicitFileType = wrapper.framework; includeInIndex = 0; path = Pods_Spotify.framework; sourceTree = BUILT_PRODUCTS_DIR; };
		78A82A0A6C61CBB43409DFDD /* Pods-Spotify.debug.xcconfig */ = {isa = PBXFileReference; includeInIndex = 1; lastKnownFileType = text.xcconfig; name = "Pods-Spotify.debug.xcconfig"; path = "Target Support Files/Pods-Spotify/Pods-Spotify.debug.xcconfig"; sourceTree = "<group>"; };
		EA16AAD52890BBD3006F41E7 /* TabBarViewController.swift */ = {isa = PBXFileReference; lastKnownFileType = sourcecode.swift; path = TabBarViewController.swift; sourceTree = "<group>"; };
		EA16AAD72890BBE6006F41E7 /* SearchViewController.swift */ = {isa = PBXFileReference; lastKnownFileType = sourcecode.swift; path = SearchViewController.swift; sourceTree = "<group>"; };
		EA16AAD92890BBE7006F41E7 /* LibraryViewController.swift */ = {isa = PBXFileReference; lastKnownFileType = sourcecode.swift; path = LibraryViewController.swift; sourceTree = "<group>"; };
		EA16AADD2890BC7C006F41E7 /* AuthViewController.swift */ = {isa = PBXFileReference; lastKnownFileType = sourcecode.swift; path = AuthViewController.swift; sourceTree = "<group>"; };
		EA16AADF2890BC8B006F41E7 /* WelcomeViewController.swift */ = {isa = PBXFileReference; lastKnownFileType = sourcecode.swift; path = WelcomeViewController.swift; sourceTree = "<group>"; };
		EA16AAE12890BCAC006F41E7 /* SettingViewController.swift */ = {isa = PBXFileReference; lastKnownFileType = sourcecode.swift; path = SettingViewController.swift; sourceTree = "<group>"; };
		EA16AAE32890BCBB006F41E7 /* ProfileViewController.swift */ = {isa = PBXFileReference; lastKnownFileType = sourcecode.swift; path = ProfileViewController.swift; sourceTree = "<group>"; };
		EA16AAE52890BCC6006F41E7 /* PlayerViewController.swift */ = {isa = PBXFileReference; lastKnownFileType = sourcecode.swift; path = PlayerViewController.swift; sourceTree = "<group>"; };
		EA16AAE72890BCF4006F41E7 /* PlaylistViewController.swift */ = {isa = PBXFileReference; lastKnownFileType = sourcecode.swift; path = PlaylistViewController.swift; sourceTree = "<group>"; };
		EA16AAE92890BD18006F41E7 /* SearchResultViewController.swift */ = {isa = PBXFileReference; lastKnownFileType = sourcecode.swift; path = SearchResultViewController.swift; sourceTree = "<group>"; };
		EA16AAEB2890BD49006F41E7 /* AuthManager.swift */ = {isa = PBXFileReference; lastKnownFileType = sourcecode.swift; path = AuthManager.swift; sourceTree = "<group>"; };
		EA16AAED2890BD52006F41E7 /* ApiCaller.swift */ = {isa = PBXFileReference; lastKnownFileType = sourcecode.swift; path = ApiCaller.swift; sourceTree = "<group>"; };
		EA16AAEF2890BD71006F41E7 /* HapticsManager.swift */ = {isa = PBXFileReference; lastKnownFileType = sourcecode.swift; path = HapticsManager.swift; sourceTree = "<group>"; };
		EA16AAF12890BDB1006F41E7 /* Playlist.swift */ = {isa = PBXFileReference; lastKnownFileType = sourcecode.swift; path = Playlist.swift; sourceTree = "<group>"; };
		EA16AAF32890BDC0006F41E7 /* AudioTrack.swift */ = {isa = PBXFileReference; lastKnownFileType = sourcecode.swift; path = AudioTrack.swift; sourceTree = "<group>"; };
		EA16AAF52890BDCC006F41E7 /* Artist.swift */ = {isa = PBXFileReference; lastKnownFileType = sourcecode.swift; path = Artist.swift; sourceTree = "<group>"; };
		EA16AAF72890BDD7006F41E7 /* UserProfile.swift */ = {isa = PBXFileReference; lastKnownFileType = sourcecode.swift; path = UserProfile.swift; sourceTree = "<group>"; };
		EA29CF5528947DD600E52454 /* Setting.swift */ = {isa = PBXFileReference; lastKnownFileType = sourcecode.swift; path = Setting.swift; sourceTree = "<group>"; };
		EA3BCAFA289C22B3005E7381 /* AllCatogeriesResponse.swift */ = {isa = PBXFileReference; lastKnownFileType = sourcecode.swift; path = AllCatogeriesResponse.swift; sourceTree = "<group>"; };
		EA3BCAFC289C3164005E7381 /* CategoryCollectionViewCellViewModel.swift */ = {isa = PBXFileReference; lastKnownFileType = sourcecode.swift; path = CategoryCollectionViewCellViewModel.swift; sourceTree = "<group>"; };
		EA3BCAFE289C35FC005E7381 /* CategoryViewController.swift */ = {isa = PBXFileReference; lastKnownFileType = sourcecode.swift; path = CategoryViewController.swift; sourceTree = "<group>"; };
		EA42CD9E28981D4000020006 /* NewReleasesCellViewModel.swift */ = {isa = PBXFileReference; lastKnownFileType = sourcecode.swift; path = NewReleasesCellViewModel.swift; sourceTree = "<group>"; };
		EA67FE832891E53C00D537C4 /* Constants.swift */ = {isa = PBXFileReference; lastKnownFileType = sourcecode.swift; path = Constants.swift; sourceTree = "<group>"; };
		EA67FE852891E96500D537C4 /* Extensions.swift */ = {isa = PBXFileReference; lastKnownFileType = sourcecode.swift; path = Extensions.swift; sourceTree = "<group>"; };
		EA72B13A2895306900A2E9C8 /* NewReleasesResponse.swift */ = {isa = PBXFileReference; lastKnownFileType = sourcecode.swift; path = NewReleasesResponse.swift; sourceTree = "<group>"; };
		EA72B13C2895329400A2E9C8 /* ApiImage.swift */ = {isa = PBXFileReference; lastKnownFileType = sourcecode.swift; path = ApiImage.swift; sourceTree = "<group>"; };
		EA72B13E28953DB200A2E9C8 /* FeaturedPlaylistsResponse.swift */ = {isa = PBXFileReference; lastKnownFileType = sourcecode.swift; path = FeaturedPlaylistsResponse.swift; sourceTree = "<group>"; };
		EA72B1402895FEB200A2E9C8 /* RecommendedGenresResponse.swift */ = {isa = PBXFileReference; lastKnownFileType = sourcecode.swift; path = RecommendedGenresResponse.swift; sourceTree = "<group>"; };
		EA730EF6289AEF7900F55441 /* TitleHeaderCollectionReusableView.swift */ = {isa = PBXFileReference; lastKnownFileType = sourcecode.swift; path = TitleHeaderCollectionReusableView.swift; sourceTree = "<group>"; };
		EA730EF8289AFA0300F55441 /* AlbumTrackCollectionViewCell.swift */ = {isa = PBXFileReference; lastKnownFileType = sourcecode.swift; path = AlbumTrackCollectionViewCell.swift; sourceTree = "<group>"; };
		EA730EFA289AFC5D00F55441 /* AlbumCollectionViewCellViewModel.swift */ = {isa = PBXFileReference; lastKnownFileType = sourcecode.swift; path = AlbumCollectionViewCellViewModel.swift; sourceTree = "<group>"; };
		EA730EFC289B3B1C00F55441 /* CategoryCollectionViewCell.swift */ = {isa = PBXFileReference; lastKnownFileType = sourcecode.swift; path = CategoryCollectionViewCell.swift; sourceTree = "<group>"; };
		EA7BBEDF2890B6F600665504 /* Spotify.app */ = {isa = PBXFileReference; explicitFileType = wrapper.application; includeInIndex = 0; path = Spotify.app; sourceTree = BUILT_PRODUCTS_DIR; };
		EA7BBEE22890B6F600665504 /* AppDelegate.swift */ = {isa = PBXFileReference; lastKnownFileType = sourcecode.swift; path = AppDelegate.swift; sourceTree = "<group>"; };
		EA7BBEE42890B6F600665504 /* SceneDelegate.swift */ = {isa = PBXFileReference; lastKnownFileType = sourcecode.swift; path = SceneDelegate.swift; sourceTree = "<group>"; };
		EA7BBEE62890B6F600665504 /* HomeViewController.swift */ = {isa = PBXFileReference; lastKnownFileType = sourcecode.swift; path = HomeViewController.swift; sourceTree = "<group>"; };
		EA7BBEEB2890B6F800665504 /* Assets.xcassets */ = {isa = PBXFileReference; lastKnownFileType = folder.assetcatalog; path = Assets.xcassets; sourceTree = "<group>"; };
		EA7BBEEE2890B6F800665504 /* Base */ = {isa = PBXFileReference; lastKnownFileType = file.storyboard; name = Base; path = Base.lproj/LaunchScreen.storyboard; sourceTree = "<group>"; };
		EA7BBEF02890B6F800665504 /* Info.plist */ = {isa = PBXFileReference; lastKnownFileType = text.plist.xml; path = Info.plist; sourceTree = "<group>"; };
		EA874AF928970D9D003F05B5 /* RecommendedTracksCollectionViewCell.swift */ = {isa = PBXFileReference; lastKnownFileType = sourcecode.swift; path = RecommendedTracksCollectionViewCell.swift; sourceTree = "<group>"; };
		EA874AFB28970DA5003F05B5 /* NewReleasesCollectionViewCell copy.swift */ = {isa = PBXFileReference; lastKnownFileType = sourcecode.swift; path = "NewReleasesCollectionViewCell copy.swift"; sourceTree = "<group>"; };
		EA874AFD28970DAA003F05B5 /* FeaturedPlaylistsCollectionViewCell copy 2.swift */ = {isa = PBXFileReference; lastKnownFileType = sourcecode.swift; path = "FeaturedPlaylistsCollectionViewCell copy 2.swift"; sourceTree = "<group>"; };
		EA930159289619770066958D /* RecommendationsResponse.swift */ = {isa = PBXFileReference; lastKnownFileType = sourcecode.swift; path = RecommendationsResponse.swift; sourceTree = "<group>"; };
		EACAE79328999517003F5872 /* AlbumViewController.swift */ = {isa = PBXFileReference; lastKnownFileType = sourcecode.swift; path = AlbumViewController.swift; sourceTree = "<group>"; };
		EACAE79528999CC8003F5872 /* AlbumDetailsResponse.swift */ = {isa = PBXFileReference; lastKnownFileType = sourcecode.swift; path = AlbumDetailsResponse.swift; sourceTree = "<group>"; };
		EACAE7972899A365003F5872 /* PlaylistDetailsResponse.swift */ = {isa = PBXFileReference; lastKnownFileType = sourcecode.swift; path = PlaylistDetailsResponse.swift; sourceTree = "<group>"; };
		EACAE7992899DD6C003F5872 /* PlaylistHeaderCollectionReusableView.swift */ = {isa = PBXFileReference; lastKnownFileType = sourcecode.swift; path = PlaylistHeaderCollectionReusableView.swift; sourceTree = "<group>"; };
		EACAE79B2899E1DE003F5872 /* PlaylistHeaderViewModel.swift */ = {isa = PBXFileReference; lastKnownFileType = sourcecode.swift; path = PlaylistHeaderViewModel.swift; sourceTree = "<group>"; };
		EACB3B0E28985802001B7DFA /* FeaturedPlaylistCellViewModel.swift */ = {isa = PBXFileReference; lastKnownFileType = sourcecode.swift; path = FeaturedPlaylistCellViewModel.swift; sourceTree = "<group>"; };
		EACB3B102898583D001B7DFA /* RecommendedTrackCellViewModel.swift */ = {isa = PBXFileReference; lastKnownFileType = sourcecode.swift; path = RecommendedTrackCellViewModel.swift; sourceTree = "<group>"; };
		EAE92F792893110400041706 /* AuthResponse.swift */ = {isa = PBXFileReference; lastKnownFileType = sourcecode.swift; path = AuthResponse.swift; sourceTree = "<group>"; };
/* End PBXFileReference section */

/* Begin PBXFrameworksBuildPhase section */
		EA7BBEDC2890B6F600665504 /* Frameworks */ = {
			isa = PBXFrameworksBuildPhase;
			buildActionMask = 2147483647;
			files = (
				B67F65AEE77537DE7403E760 /* Pods_Spotify.framework in Frameworks */,
			);
			runOnlyForDeploymentPostprocessing = 0;
		};
/* End PBXFrameworksBuildPhase section */

/* Begin PBXGroup section */
		3D959A33919D2EBF44317686 /* Frameworks */ = {
			isa = PBXGroup;
			children = (
				77508B52FDDC560E8DED6C91 /* Pods_Spotify.framework */,
			);
			name = Frameworks;
			sourceTree = "<group>";
		};
		58AD51465C14BB5452BC5D3B /* Pods */ = {
			isa = PBXGroup;
			children = (
				78A82A0A6C61CBB43409DFDD /* Pods-Spotify.debug.xcconfig */,
				0098E4D097BB21B4788D2CC3 /* Pods-Spotify.release.xcconfig */,
			);
			path = Pods;
			sourceTree = "<group>";
		};
		EA16AADB2890BC55006F41E7 /* Core */ = {
			isa = PBXGroup;
			children = (
				EA16AAD52890BBD3006F41E7 /* TabBarViewController.swift */,
				EA7BBEE62890B6F600665504 /* HomeViewController.swift */,
				EA16AAD72890BBE6006F41E7 /* SearchViewController.swift */,
				EA16AAD92890BBE7006F41E7 /* LibraryViewController.swift */,
			);
			name = Core;
			sourceTree = "<group>";
		};
		EA16AADC2890BC63006F41E7 /* Other */ = {
			isa = PBXGroup;
			children = (
				EA16AADF2890BC8B006F41E7 /* WelcomeViewController.swift */,
				EA16AADD2890BC7C006F41E7 /* AuthViewController.swift */,
				EA16AAE12890BCAC006F41E7 /* SettingViewController.swift */,
				EA16AAE32890BCBB006F41E7 /* ProfileViewController.swift */,
				EA16AAE72890BCF4006F41E7 /* PlaylistViewController.swift */,
				EACAE79328999517003F5872 /* AlbumViewController.swift */,
				EA16AAE92890BD18006F41E7 /* SearchResultViewController.swift */,
				EA3BCAFE289C35FC005E7381 /* CategoryViewController.swift */,
				EA16AAE52890BCC6006F41E7 /* PlayerViewController.swift */,
			);
			name = Other;
			sourceTree = "<group>";
		};
		EA7BBED62890B6F600665504 = {
			isa = PBXGroup;
			children = (
				EA7BBEE12890B6F600665504 /* Spotify */,
				EA7BBEE02890B6F600665504 /* Products */,
				58AD51465C14BB5452BC5D3B /* Pods */,
				3D959A33919D2EBF44317686 /* Frameworks */,
			);
			sourceTree = "<group>";
		};
		EA7BBEE02890B6F600665504 /* Products */ = {
			isa = PBXGroup;
			children = (
				EA7BBEDF2890B6F600665504 /* Spotify.app */,
			);
			name = Products;
			sourceTree = "<group>";
		};
		EA7BBEE12890B6F600665504 /* Spotify */ = {
			isa = PBXGroup;
			children = (
				EA7BBEFA2890B91100665504 /* Resources */,
				EA7BBEFB2890B91F00665504 /* Managers */,
				EA7BBEF82890B90500665504 /* ViewModels */,
				EA7BBEF92890B90D00665504 /* Models */,
				EA7BBEF72890B8FF00665504 /* Views */,
				EA7BBEF62890B8F600665504 /* Controllers */,
				EA7BBEF02890B6F800665504 /* Info.plist */,
			);
			path = Spotify;
			sourceTree = "<group>";
		};
		EA7BBEF62890B8F600665504 /* Controllers */ = {
			isa = PBXGroup;
			children = (
				EA16AADB2890BC55006F41E7 /* Core */,
				EA16AADC2890BC63006F41E7 /* Other */,
			);
			path = Controllers;
			sourceTree = "<group>";
		};
		EA7BBEF72890B8FF00665504 /* Views */ = {
			isa = PBXGroup;
			children = (
				EA874AF828970D76003F05B5 /* browse */,
				EA7BBEED2890B6F800665504 /* LaunchScreen.storyboard */,
				EACAE7992899DD6C003F5872 /* PlaylistHeaderCollectionReusableView.swift */,
				EA730EF6289AEF7900F55441 /* TitleHeaderCollectionReusableView.swift */,
				EA730EF8289AFA0300F55441 /* AlbumTrackCollectionViewCell.swift */,
				EA730EFC289B3B1C00F55441 /* CategoryCollectionViewCell.swift */,
			);
			path = Views;
			sourceTree = "<group>";
		};
		EA7BBEF82890B90500665504 /* ViewModels */ = {
			isa = PBXGroup;
			children = (
				EA42CD9E28981D4000020006 /* NewReleasesCellViewModel.swift */,
				EACB3B0E28985802001B7DFA /* FeaturedPlaylistCellViewModel.swift */,
				EACB3B102898583D001B7DFA /* RecommendedTrackCellViewModel.swift */,
				EACAE79B2899E1DE003F5872 /* PlaylistHeaderViewModel.swift */,
				EA730EFA289AFC5D00F55441 /* AlbumCollectionViewCellViewModel.swift */,
				EA3BCAFC289C3164005E7381 /* CategoryCollectionViewCellViewModel.swift */,
			);
			path = ViewModels;
			sourceTree = "<group>";
		};
		EA7BBEF92890B90D00665504 /* Models */ = {
			isa = PBXGroup;
			children = (
				EAE92F792893110400041706 /* AuthResponse.swift */,
				EA29CF5528947DD600E52454 /* Setting.swift */,
				EA72B13C2895329400A2E9C8 /* ApiImage.swift */,
				EA16AAF52890BDCC006F41E7 /* Artist.swift */,
				EA16AAF72890BDD7006F41E7 /* UserProfile.swift */,
				EA72B13A2895306900A2E9C8 /* NewReleasesResponse.swift */,
				EA72B13E28953DB200A2E9C8 /* FeaturedPlaylistsResponse.swift */,
				EA72B1402895FEB200A2E9C8 /* RecommendedGenresResponse.swift */,
				EA930159289619770066958D /* RecommendationsResponse.swift */,
				EA16AAF12890BDB1006F41E7 /* Playlist.swift */,
				EA16AAF32890BDC0006F41E7 /* AudioTrack.swift */,
				EACAE79528999CC8003F5872 /* AlbumDetailsResponse.swift */,
				EACAE7972899A365003F5872 /* PlaylistDetailsResponse.swift */,
				EA3BCAFA289C22B3005E7381 /* AllCatogeriesResponse.swift */,
			);
			path = Models;
			sourceTree = "<group>";
		};
		EA7BBEFA2890B91100665504 /* Resources */ = {
			isa = PBXGroup;
			children = (
				EA7BBEEB2890B6F800665504 /* Assets.xcassets */,
				EA7BBEE22890B6F600665504 /* AppDelegate.swift */,
				EA7BBEE42890B6F600665504 /* SceneDelegate.swift */,
				EA67FE852891E96500D537C4 /* Extensions.swift */,
			);
			path = Resources;
			sourceTree = "<group>";
		};
		EA7BBEFB2890B91F00665504 /* Managers */ = {
			isa = PBXGroup;
			children = (
				EA16AAEB2890BD49006F41E7 /* AuthManager.swift */,
				EA16AAED2890BD52006F41E7 /* ApiCaller.swift */,
				EA16AAEF2890BD71006F41E7 /* HapticsManager.swift */,
				EA67FE832891E53C00D537C4 /* Constants.swift */,
			);
			path = Managers;
			sourceTree = "<group>";
		};
		EA874AF828970D76003F05B5 /* browse */ = {
			isa = PBXGroup;
			children = (
				EA874AFB28970DA5003F05B5 /* NewReleasesCollectionViewCell copy.swift */,
				EA874AFD28970DAA003F05B5 /* FeaturedPlaylistsCollectionViewCell copy 2.swift */,
				EA874AF928970D9D003F05B5 /* RecommendedTracksCollectionViewCell.swift */,
			);
			name = browse;
			sourceTree = "<group>";
		};
/* End PBXGroup section */

/* Begin PBXNativeTarget section */
		EA7BBEDE2890B6F600665504 /* Spotify */ = {
			isa = PBXNativeTarget;
			buildConfigurationList = EA7BBEF32890B6F800665504 /* Build configuration list for PBXNativeTarget "Spotify" */;
			buildPhases = (
				92DF807FB8983EA081E07614 /* [CP] Check Pods Manifest.lock */,
				EA7BBEDB2890B6F600665504 /* Sources */,
				EA7BBEDC2890B6F600665504 /* Frameworks */,
				EA7BBEDD2890B6F600665504 /* Resources */,
				EF289FC2B81FBDCFE7F4AA35 /* [CP] Embed Pods Frameworks */,
			);
			buildRules = (
			);
			dependencies = (
			);
			name = Spotify;
			productName = Spotify;
			productReference = EA7BBEDF2890B6F600665504 /* Spotify.app */;
			productType = "com.apple.product-type.application";
		};
/* End PBXNativeTarget section */

/* Begin PBXProject section */
		EA7BBED72890B6F600665504 /* Project object */ = {
			isa = PBXProject;
			attributes = {
				BuildIndependentTargetsInParallel = 1;
				LastSwiftUpdateCheck = 1340;
				LastUpgradeCheck = 1340;
				TargetAttributes = {
					EA7BBEDE2890B6F600665504 = {
						CreatedOnToolsVersion = 13.4.1;
					};
				};
			};
			buildConfigurationList = EA7BBEDA2890B6F600665504 /* Build configuration list for PBXProject "Spotify" */;
			compatibilityVersion = "Xcode 13.0";
			developmentRegion = en;
			hasScannedForEncodings = 0;
			knownRegions = (
				en,
				Base,
			);
			mainGroup = EA7BBED62890B6F600665504;
			productRefGroup = EA7BBEE02890B6F600665504 /* Products */;
			projectDirPath = "";
			projectRoot = "";
			targets = (
				EA7BBEDE2890B6F600665504 /* Spotify */,
			);
		};
/* End PBXProject section */

/* Begin PBXResourcesBuildPhase section */
		EA7BBEDD2890B6F600665504 /* Resources */ = {
			isa = PBXResourcesBuildPhase;
			buildActionMask = 2147483647;
			files = (
				EA7BBEEF2890B6F800665504 /* LaunchScreen.storyboard in Resources */,
				EA7BBEEC2890B6F800665504 /* Assets.xcassets in Resources */,
			);
			runOnlyForDeploymentPostprocessing = 0;
		};
/* End PBXResourcesBuildPhase section */

/* Begin PBXShellScriptBuildPhase section */
		92DF807FB8983EA081E07614 /* [CP] Check Pods Manifest.lock */ = {
			isa = PBXShellScriptBuildPhase;
			buildActionMask = 2147483647;
			files = (
			);
			inputFileListPaths = (
			);
			inputPaths = (
				"${PODS_PODFILE_DIR_PATH}/Podfile.lock",
				"${PODS_ROOT}/Manifest.lock",
			);
			name = "[CP] Check Pods Manifest.lock";
			outputFileListPaths = (
			);
			outputPaths = (
				"$(DERIVED_FILE_DIR)/Pods-Spotify-checkManifestLockResult.txt",
			);
			runOnlyForDeploymentPostprocessing = 0;
			shellPath = /bin/sh;
			shellScript = "diff \"${PODS_PODFILE_DIR_PATH}/Podfile.lock\" \"${PODS_ROOT}/Manifest.lock\" > /dev/null\nif [ $? != 0 ] ; then\n    # print error to STDERR\n    echo \"error: The sandbox is not in sync with the Podfile.lock. Run 'pod install' or update your CocoaPods installation.\" >&2\n    exit 1\nfi\n# This output is used by Xcode 'outputs' to avoid re-running this script phase.\necho \"SUCCESS\" > \"${SCRIPT_OUTPUT_FILE_0}\"\n";
			showEnvVarsInLog = 0;
		};
		EF289FC2B81FBDCFE7F4AA35 /* [CP] Embed Pods Frameworks */ = {
			isa = PBXShellScriptBuildPhase;
			buildActionMask = 2147483647;
			files = (
			);
			inputFileListPaths = (
				"${PODS_ROOT}/Target Support Files/Pods-Spotify/Pods-Spotify-frameworks-${CONFIGURATION}-input-files.xcfilelist",
			);
			name = "[CP] Embed Pods Frameworks";
			outputFileListPaths = (
				"${PODS_ROOT}/Target Support Files/Pods-Spotify/Pods-Spotify-frameworks-${CONFIGURATION}-output-files.xcfilelist",
			);
			runOnlyForDeploymentPostprocessing = 0;
			shellPath = /bin/sh;
			shellScript = "\"${PODS_ROOT}/Target Support Files/Pods-Spotify/Pods-Spotify-frameworks.sh\"\n";
			showEnvVarsInLog = 0;
		};
/* End PBXShellScriptBuildPhase section */

/* Begin PBXSourcesBuildPhase section */
		EA7BBEDB2890B6F600665504 /* Sources */ = {
			isa = PBXSourcesBuildPhase;
			buildActionMask = 2147483647;
			files = (
				EA42CD9F28981D4000020006 /* NewReleasesCellViewModel.swift in Sources */,
				EA3BCAFD289C3164005E7381 /* CategoryCollectionViewCellViewModel.swift in Sources */,
				EA874AFC28970DA5003F05B5 /* NewReleasesCollectionViewCell copy.swift in Sources */,
				EA72B13F28953DB200A2E9C8 /* FeaturedPlaylistsResponse.swift in Sources */,
				EA93015A289619770066958D /* RecommendationsResponse.swift in Sources */,
				EACB3B112898583D001B7DFA /* RecommendedTrackCellViewModel.swift in Sources */,
				EACB3B0F28985802001B7DFA /* FeaturedPlaylistCellViewModel.swift in Sources */,
				EA16AAD62890BBD3006F41E7 /* TabBarViewController.swift in Sources */,
				EA16AAF22890BDB1006F41E7 /* Playlist.swift in Sources */,
				EA16AAEC2890BD49006F41E7 /* AuthManager.swift in Sources */,
				EA72B1412895FEB200A2E9C8 /* RecommendedGenresResponse.swift in Sources */,
				EA16AAE02890BC8B006F41E7 /* WelcomeViewController.swift in Sources */,
				EA72B13D2895329400A2E9C8 /* ApiImage.swift in Sources */,
				EACAE79428999517003F5872 /* AlbumViewController.swift in Sources */,
				EA730EFB289AFC5D00F55441 /* AlbumCollectionViewCellViewModel.swift in Sources */,
				EA16AAE42890BCBB006F41E7 /* ProfileViewController.swift in Sources */,
				EA16AAEE2890BD52006F41E7 /* ApiCaller.swift in Sources */,
				EACAE7982899A365003F5872 /* PlaylistDetailsResponse.swift in Sources */,
				EA16AAD82890BBE6006F41E7 /* SearchViewController.swift in Sources */,
				EA72B13B2895306900A2E9C8 /* NewReleasesResponse.swift in Sources */,
				EA730EF7289AEF7900F55441 /* TitleHeaderCollectionReusableView.swift in Sources */,
				EA16AAF02890BD71006F41E7 /* HapticsManager.swift in Sources */,
				EA16AAF42890BDC0006F41E7 /* AudioTrack.swift in Sources */,
				EA67FE862891E96500D537C4 /* Extensions.swift in Sources */,
				EA7BBEE72890B6F600665504 /* HomeViewController.swift in Sources */,
				EA16AADE2890BC7C006F41E7 /* AuthViewController.swift in Sources */,
				EACAE79A2899DD6C003F5872 /* PlaylistHeaderCollectionReusableView.swift in Sources */,
				EACAE79628999CC8003F5872 /* AlbumDetailsResponse.swift in Sources */,
				EA67FE842891E53C00D537C4 /* Constants.swift in Sources */,
				EA16AAE22890BCAC006F41E7 /* SettingViewController.swift in Sources */,
				EA29CF5628947DD600E52454 /* Setting.swift in Sources */,
				EA16AAF82890BDD7006F41E7 /* UserProfile.swift in Sources */,
				EA874AFA28970D9D003F05B5 /* RecommendedTracksCollectionViewCell.swift in Sources */,
				EA730EFD289B3B1C00F55441 /* CategoryCollectionViewCell.swift in Sources */,
				EA874AFE28970DAA003F05B5 /* FeaturedPlaylistsCollectionViewCell copy 2.swift in Sources */,
				EACAE79C2899E1DE003F5872 /* PlaylistHeaderViewModel.swift in Sources */,
				EA16AADA2890BBE7006F41E7 /* LibraryViewController.swift in Sources */,
				EA730EF9289AFA0300F55441 /* AlbumTrackCollectionViewCell.swift in Sources */,
				EA16AAF62890BDCC006F41E7 /* Artist.swift in Sources */,
				EA16AAE82890BCF4006F41E7 /* PlaylistViewController.swift in Sources */,
				EA7BBEE32890B6F600665504 /* AppDelegate.swift in Sources */,
				EA16AAE62890BCC6006F41E7 /* PlayerViewController.swift in Sources */,
				EA16AAEA2890BD18006F41E7 /* SearchResultViewController.swift in Sources */,
				EA3BCAFF289C35FC005E7381 /* CategoryViewController.swift in Sources */,
				EA3BCAFB289C22B3005E7381 /* AllCatogeriesResponse.swift in Sources */,
				EAE92F7A2893110500041706 /* AuthResponse.swift in Sources */,
				EA7BBEE52890B6F600665504 /* SceneDelegate.swift in Sources */,
			);
			runOnlyForDeploymentPostprocessing = 0;
		};
/* End PBXSourcesBuildPhase section */

/* Begin PBXVariantGroup section */
		EA7BBEED2890B6F800665504 /* LaunchScreen.storyboard */ = {
			isa = PBXVariantGroup;
			children = (
				EA7BBEEE2890B6F800665504 /* Base */,
			);
			name = LaunchScreen.storyboard;
			sourceTree = "<group>";
		};
/* End PBXVariantGroup section */

/* Begin XCBuildConfiguration section */
		EA7BBEF12890B6F800665504 /* Debug */ = {
			isa = XCBuildConfiguration;
			buildSettings = {
				ALWAYS_SEARCH_USER_PATHS = NO;
				CLANG_ANALYZER_NONNULL = YES;
				CLANG_ANALYZER_NUMBER_OBJECT_CONVERSION = YES_AGGRESSIVE;
				CLANG_CXX_LANGUAGE_STANDARD = "gnu++17";
				CLANG_ENABLE_MODULES = YES;
				CLANG_ENABLE_OBJC_ARC = YES;
				CLANG_ENABLE_OBJC_WEAK = YES;
				CLANG_WARN_BLOCK_CAPTURE_AUTORELEASING = YES;
				CLANG_WARN_BOOL_CONVERSION = YES;
				CLANG_WARN_COMMA = YES;
				CLANG_WARN_CONSTANT_CONVERSION = YES;
				CLANG_WARN_DEPRECATED_OBJC_IMPLEMENTATIONS = YES;
				CLANG_WARN_DIRECT_OBJC_ISA_USAGE = YES_ERROR;
				CLANG_WARN_DOCUMENTATION_COMMENTS = YES;
				CLANG_WARN_EMPTY_BODY = YES;
				CLANG_WARN_ENUM_CONVERSION = YES;
				CLANG_WARN_INFINITE_RECURSION = YES;
				CLANG_WARN_INT_CONVERSION = YES;
				CLANG_WARN_NON_LITERAL_NULL_CONVERSION = YES;
				CLANG_WARN_OBJC_IMPLICIT_RETAIN_SELF = YES;
				CLANG_WARN_OBJC_LITERAL_CONVERSION = YES;
				CLANG_WARN_OBJC_ROOT_CLASS = YES_ERROR;
				CLANG_WARN_QUOTED_INCLUDE_IN_FRAMEWORK_HEADER = YES;
				CLANG_WARN_RANGE_LOOP_ANALYSIS = YES;
				CLANG_WARN_STRICT_PROTOTYPES = YES;
				CLANG_WARN_SUSPICIOUS_MOVE = YES;
				CLANG_WARN_UNGUARDED_AVAILABILITY = YES_AGGRESSIVE;
				CLANG_WARN_UNREACHABLE_CODE = YES;
				CLANG_WARN__DUPLICATE_METHOD_MATCH = YES;
				COPY_PHASE_STRIP = NO;
				DEBUG_INFORMATION_FORMAT = dwarf;
				ENABLE_STRICT_OBJC_MSGSEND = YES;
				ENABLE_TESTABILITY = YES;
				GCC_C_LANGUAGE_STANDARD = gnu11;
				GCC_DYNAMIC_NO_PIC = NO;
				GCC_NO_COMMON_BLOCKS = YES;
				GCC_OPTIMIZATION_LEVEL = 0;
				GCC_PREPROCESSOR_DEFINITIONS = (
					"DEBUG=1",
					"$(inherited)",
				);
				GCC_WARN_64_TO_32_BIT_CONVERSION = YES;
				GCC_WARN_ABOUT_RETURN_TYPE = YES_ERROR;
				GCC_WARN_UNDECLARED_SELECTOR = YES;
				GCC_WARN_UNINITIALIZED_AUTOS = YES_AGGRESSIVE;
				GCC_WARN_UNUSED_FUNCTION = YES;
				GCC_WARN_UNUSED_VARIABLE = YES;
				IPHONEOS_DEPLOYMENT_TARGET = 15.5;
				MTL_ENABLE_DEBUG_INFO = INCLUDE_SOURCE;
				MTL_FAST_MATH = YES;
				ONLY_ACTIVE_ARCH = YES;
				SDKROOT = iphoneos;
				SWIFT_ACTIVE_COMPILATION_CONDITIONS = DEBUG;
				SWIFT_OPTIMIZATION_LEVEL = "-Onone";
			};
			name = Debug;
		};
		EA7BBEF22890B6F800665504 /* Release */ = {
			isa = XCBuildConfiguration;
			buildSettings = {
				ALWAYS_SEARCH_USER_PATHS = NO;
				CLANG_ANALYZER_NONNULL = YES;
				CLANG_ANALYZER_NUMBER_OBJECT_CONVERSION = YES_AGGRESSIVE;
				CLANG_CXX_LANGUAGE_STANDARD = "gnu++17";
				CLANG_ENABLE_MODULES = YES;
				CLANG_ENABLE_OBJC_ARC = YES;
				CLANG_ENABLE_OBJC_WEAK = YES;
				CLANG_WARN_BLOCK_CAPTURE_AUTORELEASING = YES;
				CLANG_WARN_BOOL_CONVERSION = YES;
				CLANG_WARN_COMMA = YES;
				CLANG_WARN_CONSTANT_CONVERSION = YES;
				CLANG_WARN_DEPRECATED_OBJC_IMPLEMENTATIONS = YES;
				CLANG_WARN_DIRECT_OBJC_ISA_USAGE = YES_ERROR;
				CLANG_WARN_DOCUMENTATION_COMMENTS = YES;
				CLANG_WARN_EMPTY_BODY = YES;
				CLANG_WARN_ENUM_CONVERSION = YES;
				CLANG_WARN_INFINITE_RECURSION = YES;
				CLANG_WARN_INT_CONVERSION = YES;
				CLANG_WARN_NON_LITERAL_NULL_CONVERSION = YES;
				CLANG_WARN_OBJC_IMPLICIT_RETAIN_SELF = YES;
				CLANG_WARN_OBJC_LITERAL_CONVERSION = YES;
				CLANG_WARN_OBJC_ROOT_CLASS = YES_ERROR;
				CLANG_WARN_QUOTED_INCLUDE_IN_FRAMEWORK_HEADER = YES;
				CLANG_WARN_RANGE_LOOP_ANALYSIS = YES;
				CLANG_WARN_STRICT_PROTOTYPES = YES;
				CLANG_WARN_SUSPICIOUS_MOVE = YES;
				CLANG_WARN_UNGUARDED_AVAILABILITY = YES_AGGRESSIVE;
				CLANG_WARN_UNREACHABLE_CODE = YES;
				CLANG_WARN__DUPLICATE_METHOD_MATCH = YES;
				COPY_PHASE_STRIP = NO;
				DEBUG_INFORMATION_FORMAT = "dwarf-with-dsym";
				ENABLE_NS_ASSERTIONS = NO;
				ENABLE_STRICT_OBJC_MSGSEND = YES;
				GCC_C_LANGUAGE_STANDARD = gnu11;
				GCC_NO_COMMON_BLOCKS = YES;
				GCC_WARN_64_TO_32_BIT_CONVERSION = YES;
				GCC_WARN_ABOUT_RETURN_TYPE = YES_ERROR;
				GCC_WARN_UNDECLARED_SELECTOR = YES;
				GCC_WARN_UNINITIALIZED_AUTOS = YES_AGGRESSIVE;
				GCC_WARN_UNUSED_FUNCTION = YES;
				GCC_WARN_UNUSED_VARIABLE = YES;
				IPHONEOS_DEPLOYMENT_TARGET = 15.5;
				MTL_ENABLE_DEBUG_INFO = NO;
				MTL_FAST_MATH = YES;
				SDKROOT = iphoneos;
				SWIFT_COMPILATION_MODE = wholemodule;
				SWIFT_OPTIMIZATION_LEVEL = "-O";
				VALIDATE_PRODUCT = YES;
			};
			name = Release;
		};
		EA7BBEF42890B6F800665504 /* Debug */ = {
			isa = XCBuildConfiguration;
			baseConfigurationReference = 78A82A0A6C61CBB43409DFDD /* Pods-Spotify.debug.xcconfig */;
			buildSettings = {
				ASSETCATALOG_COMPILER_APPICON_NAME = AppIcon;
				ASSETCATALOG_COMPILER_GLOBAL_ACCENT_COLOR_NAME = AccentColor;
				CODE_SIGN_STYLE = Automatic;
				CURRENT_PROJECT_VERSION = 1;
				DEVELOPMENT_TEAM = 3TWF5CMBRA;
				GENERATE_INFOPLIST_FILE = YES;
				INFOPLIST_FILE = Spotify/Info.plist;
				INFOPLIST_KEY_UIApplicationSupportsIndirectInputEvents = YES;
				INFOPLIST_KEY_UILaunchStoryboardName = LaunchScreen;
				INFOPLIST_KEY_UISupportedInterfaceOrientations_iPad = "UIInterfaceOrientationPortrait UIInterfaceOrientationPortraitUpsideDown UIInterfaceOrientationLandscapeLeft UIInterfaceOrientationLandscapeRight";
				INFOPLIST_KEY_UISupportedInterfaceOrientations_iPhone = "UIInterfaceOrientationPortrait UIInterfaceOrientationLandscapeLeft UIInterfaceOrientationLandscapeRight";
				LD_RUNPATH_SEARCH_PATHS = (
					"$(inherited)",
					"@executable_path/Frameworks",
				);
				MARKETING_VERSION = 1.0;
				PRODUCT_BUNDLE_IDENTIFIER = khaled2024.Spotify;
				PRODUCT_NAME = "$(TARGET_NAME)";
				SWIFT_EMIT_LOC_STRINGS = YES;
				SWIFT_VERSION = 5.0;
				TARGETED_DEVICE_FAMILY = "1,2";
			};
			name = Debug;
		};
		EA7BBEF52890B6F800665504 /* Release */ = {
			isa = XCBuildConfiguration;
			baseConfigurationReference = 0098E4D097BB21B4788D2CC3 /* Pods-Spotify.release.xcconfig */;
			buildSettings = {
				ASSETCATALOG_COMPILER_APPICON_NAME = AppIcon;
				ASSETCATALOG_COMPILER_GLOBAL_ACCENT_COLOR_NAME = AccentColor;
				CODE_SIGN_STYLE = Automatic;
				CURRENT_PROJECT_VERSION = 1;
				DEVELOPMENT_TEAM = 3TWF5CMBRA;
				GENERATE_INFOPLIST_FILE = YES;
				INFOPLIST_FILE = Spotify/Info.plist;
				INFOPLIST_KEY_UIApplicationSupportsIndirectInputEvents = YES;
				INFOPLIST_KEY_UILaunchStoryboardName = LaunchScreen;
				INFOPLIST_KEY_UISupportedInterfaceOrientations_iPad = "UIInterfaceOrientationPortrait UIInterfaceOrientationPortraitUpsideDown UIInterfaceOrientationLandscapeLeft UIInterfaceOrientationLandscapeRight";
				INFOPLIST_KEY_UISupportedInterfaceOrientations_iPhone = "UIInterfaceOrientationPortrait UIInterfaceOrientationLandscapeLeft UIInterfaceOrientationLandscapeRight";
				LD_RUNPATH_SEARCH_PATHS = (
					"$(inherited)",
					"@executable_path/Frameworks",
				);
				MARKETING_VERSION = 1.0;
				PRODUCT_BUNDLE_IDENTIFIER = khaled2024.Spotify;
				PRODUCT_NAME = "$(TARGET_NAME)";
				SWIFT_EMIT_LOC_STRINGS = YES;
				SWIFT_VERSION = 5.0;
				TARGETED_DEVICE_FAMILY = "1,2";
			};
			name = Release;
		};
/* End XCBuildConfiguration section */

/* Begin XCConfigurationList section */
		EA7BBEDA2890B6F600665504 /* Build configuration list for PBXProject "Spotify" */ = {
			isa = XCConfigurationList;
			buildConfigurations = (
				EA7BBEF12890B6F800665504 /* Debug */,
				EA7BBEF22890B6F800665504 /* Release */,
			);
			defaultConfigurationIsVisible = 0;
			defaultConfigurationName = Release;
		};
		EA7BBEF32890B6F800665504 /* Build configuration list for PBXNativeTarget "Spotify" */ = {
			isa = XCConfigurationList;
			buildConfigurations = (
				EA7BBEF42890B6F800665504 /* Debug */,
				EA7BBEF52890B6F800665504 /* Release */,
			);
			defaultConfigurationIsVisible = 0;
			defaultConfigurationName = Release;
		};
/* End XCConfigurationList section */
	};
	rootObject = EA7BBED72890B6F600665504 /* Project object */;
}
